
Microsoft Visual Studio Solution File, Format Version 12.00
# Visual Studio Version 17
VisualStudioVersion = 17.7.34031.279
MinimumVisualStudioVersion = 10.0.40219.1
Project("{FAE04EC0-301F-11D3-BF4B-00C04F79EFBC}") = "CartTask", "CartTask\CartTask.csproj", "{29A286DA-0612-43FC-8F63-9B8D46AE23F9}"
EndProject
Global
	GlobalSection(SolutionConfigurationPlatforms) = preSolution
		Debug|Any CPU = Debug|Any CPU
		Release|Any CPU = Release|Any CPU
	EndGlobalSection
	GlobalSection(ProjectConfigurationPlatforms) = postSolution
		{29A286DA-0612-43FC-8F63-9B8D46AE23F9}.Debug|Any CPU.ActiveCfg = Debug|Any CPU
		{29A286DA-0612-43FC-8F63-9B8D46AE23F9}.Debug|Any CPU.Build.0 = Debug|Any CPU
		{29A286DA-0612-43FC-8F63-9B8D46AE23F9}.Release|Any CPU.ActiveCfg = Release|Any CPU
		{29A286DA-0612-43FC-8F63-9B8D46AE23F9}.Release|Any CPU.Build.0 = Release|Any CPU
	EndGlobalSection
	GlobalSection(SolutionProperties) = preSolution
		HideSolutionNode = FALSE
	EndGlobalSection
	GlobalSection(ExtensibilityGlobals) = postSolution
		SolutionGuid = {76C3E463-3235-41CA-A62B-83E5F371028A}
	EndGlobalSection
EndGlobal
